
Microsoft Visual Studio Solution File, Format Version 12.00
# Visual Studio Version 16
VisualStudioVersion = 16.0.32126.315
MinimumVisualStudioVersion = 10.0.40219.1
Project("{FAE04EC0-301F-11D3-BF4B-00C04F79EFBC}") = "Gestor Maze", "Gestor Maze\Gestor Maze.csproj", "{FF084445-2525-4092-8BC5-8573489758F5}"
EndProject
<<<<<<< Updated upstream
Project("{54435603-DBB4-11D2-8724-00A0C9A8B90C}") = "Maze Managment Setup", "Maze Managment Setup\Maze Managment Setup.vdproj", "{D2708D5A-7F39-41C2-9479-E1B6F1C0C4E7}"
=======
Project("{54435603-DBB4-11D2-8724-00A0C9A8B90C}") = "Maze Management", "Maze Management\Maze Management.vdproj", "{29D781D2-3606-4FF8-9435-1CBCF9810A2E}"
>>>>>>> Stashed changes
EndProject
Global
	GlobalSection(SolutionConfigurationPlatforms) = preSolution
		Debug|Any CPU = Debug|Any CPU
		Release|Any CPU = Release|Any CPU
	EndGlobalSection
	GlobalSection(ProjectConfigurationPlatforms) = postSolution
		{FF084445-2525-4092-8BC5-8573489758F5}.Debug|Any CPU.ActiveCfg = Debug|Any CPU
		{FF084445-2525-4092-8BC5-8573489758F5}.Debug|Any CPU.Build.0 = Debug|Any CPU
		{FF084445-2525-4092-8BC5-8573489758F5}.Release|Any CPU.ActiveCfg = Release|Any CPU
		{FF084445-2525-4092-8BC5-8573489758F5}.Release|Any CPU.Build.0 = Release|Any CPU
<<<<<<< Updated upstream
		{D2708D5A-7F39-41C2-9479-E1B6F1C0C4E7}.Debug|Any CPU.ActiveCfg = Release
		{D2708D5A-7F39-41C2-9479-E1B6F1C0C4E7}.Release|Any CPU.ActiveCfg = Release
=======
		{29D781D2-3606-4FF8-9435-1CBCF9810A2E}.Debug|Any CPU.ActiveCfg = Debug
		{29D781D2-3606-4FF8-9435-1CBCF9810A2E}.Release|Any CPU.ActiveCfg = Release
>>>>>>> Stashed changes
	EndGlobalSection
	GlobalSection(SolutionProperties) = preSolution
		HideSolutionNode = FALSE
	EndGlobalSection
	GlobalSection(ExtensibilityGlobals) = postSolution
		SolutionGuid = {4D8BDB08-194E-4175-BA3A-D2573BEF7B81}
	EndGlobalSection
EndGlobal
