
Microsoft Visual Studio Solution File, Format Version 12.00
# Visual Studio Version 16
VisualStudioVersion = 16.0.32126.315
MinimumVisualStudioVersion = 10.0.40219.1
Project("{FAE04EC0-301F-11D3-BF4B-00C04F79EFBC}") = "Gestor Maze", "Gestor Maze\Gestor Maze.csproj", "{FF084445-2525-4092-8BC5-8573489758F5}"
EndProject
Project("{54435603-DBB4-11D2-8724-00A0C9A8B90C}") = "Setup1", "Setup1\Setup1.vdproj", "{3C1A5E5A-CA6B-43B1-BA06-4A342019061F}"
EndProject
Global
	GlobalSection(SolutionConfigurationPlatforms) = preSolution
		Debug|Any CPU = Debug|Any CPU
		Release|Any CPU = Release|Any CPU
	EndGlobalSection
	GlobalSection(ProjectConfigurationPlatforms) = postSolution
		{FF084445-2525-4092-8BC5-8573489758F5}.Debug|Any CPU.ActiveCfg = Debug|Any CPU
		{FF084445-2525-4092-8BC5-8573489758F5}.Debug|Any CPU.Build.0 = Debug|Any CPU
		{FF084445-2525-4092-8BC5-8573489758F5}.Release|Any CPU.ActiveCfg = Release|Any CPU
		{FF084445-2525-4092-8BC5-8573489758F5}.Release|Any CPU.Build.0 = Release|Any CPU
		{3C1A5E5A-CA6B-43B1-BA06-4A342019061F}.Debug|Any CPU.ActiveCfg = Debug
		{3C1A5E5A-CA6B-43B1-BA06-4A342019061F}.Release|Any CPU.ActiveCfg = Release
	EndGlobalSection
	GlobalSection(SolutionProperties) = preSolution
		HideSolutionNode = FALSE
	EndGlobalSection
	GlobalSection(ExtensibilityGlobals) = postSolution
		SolutionGuid = {4D8BDB08-194E-4175-BA3A-D2573BEF7B81}
	EndGlobalSection
EndGlobal
